<?xml version="1.0" encoding="utf-8"?>
<Project ToolsVersion="4.0" xmlns="http://schemas.microsoft.com/developer/msbuild/2003">
  <ItemGroup>
    <Filter Include="shaders">
      <UniqueIdentifier>{3f01893c-e1ee-4882-a8ad-c16d7f137774}</UniqueIdentifier>
    </Filter>
    <Filter Include="task">
      <UniqueIdentifier>{be034aa0-999c-4e72-b7de-d5aa9b27c922}</UniqueIdentifier>
    </Filter>
    <Filter Include="dat">
      <UniqueIdentifier>{637f9896-4ed0-4e35-bf8d-b49dc33ea9d8}</UniqueIdentifier>
    </Filter>
    <Filter Include="entity">
      <UniqueIdentifier>{9a7d429e-819c-42ac-a7a3-4b269687d358}</UniqueIdentifier>
    </Filter>
    <Filter Include="entity\component">
      <UniqueIdentifier>{f4b2a079-b21c-4ea6-9a5c-d2cbaf21cbf6}</UniqueIdentifier>
    </Filter>
  </ItemGroup>
  <ItemGroup>
    <ClCompile Include="dat\dat_parser.cpp">
      <Filter>dat</Filter>
    </ClCompile>
    <ClCompile Include="dat\dxt3.cpp">
      <Filter>dat</Filter>
    </ClCompile>
    <ClCompile Include="dat\mmb.cpp">
      <Filter>dat</Filter>
    </ClCompile>
    <ClCompile Include="dat\mzb.cpp">
      <Filter>dat</Filter>
    </ClCompile>
    <ClCompile Include="entity\landscape_entity.cpp">
      <Filter>entity</Filter>
    </ClCompile>
    <ClCompile Include="task\landscape_dat_load.cpp">
      <Filter>task</Filter>
    </ClCompile>
    <ClCompile Include="main.cpp" />
    <ClCompile Include="entity\actor.cpp">
      <Filter>entity</Filter>
    </ClCompile>
    <ClCompile Include="task\actor_dat_load.cpp">
      <Filter>task</Filter>
    </ClCompile>
    <ClCompile Include="dat\sk2.cpp">
      <Filter>dat</Filter>
    </ClCompile>
    <ClCompile Include="dat\os2.cpp">
      <Filter>dat</Filter>
    </ClCompile>
    <ClCompile Include="dat\mo2.cpp">
      <Filter>dat</Filter>
    </ClCompile>
    <ClCompile Include="entity\component\third_person_ffxiv_entity_input.cpp">
      <Filter>entity\component</Filter>
    </ClCompile>
    <ClCompile Include="entity\third_person_ffxiv_camera.cpp">
      <Filter>entity</Filter>
    </ClCompile>
    <ClCompile Include="entity\component\third_person_ffxiv_camera_component.cpp">
      <Filter>entity\component</Filter>
    </ClCompile>
    <ClCompile Include="entity\third_person_ffxi_camera.cpp">
      <Filter>entity</Filter>
    </ClCompile>
    <ClCompile Include="entity\component\third_person_ffxi_camera_component.cpp">
      <Filter>entity\component</Filter>
    </ClCompile>
    <ClCompile Include="entity\component\third_person_ffxi_entity_input.cpp">
      <Filter>entity\component</Filter>
    </ClCompile>
    <ClCompile Include="config.cpp" />
    <ClCompile Include="task\collision_model_init.cpp">
      <Filter>task</Filter>
    </ClCompile>
    <ClCompile Include="dat\generator.cpp">
      <Filter>dat</Filter>
    </ClCompile>
    <ClCompile Include="dat\d3m.cpp">
      <Filter>dat</Filter>
    </ClCompile>
    <ClCompile Include="particle_tester.cpp" />
    <ClCompile Include="dat\scheduler.cpp">
      <Filter>dat</Filter>
    </ClCompile>
  </ItemGroup>
  <ItemGroup>
    <ClInclude Include="dat\dat_parser.h">
      <Filter>dat</Filter>
    </ClInclude>
    <ClInclude Include="dat\dxt3.h">
      <Filter>dat</Filter>
    </ClInclude>
    <ClInclude Include="dat\key_tables.h">
      <Filter>dat</Filter>
    </ClInclude>
    <ClInclude Include="dat\mmb.h">
      <Filter>dat</Filter>
    </ClInclude>
    <ClInclude Include="dat\mzb.h">
      <Filter>dat</Filter>
    </ClInclude>
    <ClInclude Include="entity\landscape_entity.h">
      <Filter>entity</Filter>
    </ClInclude>
    <ClInclude Include="task\landscape_dat_load.h">
      <Filter>task</Filter>
    </ClInclude>
    <ClInclude Include="test_loader.h" />
    <ClInclude Include="entity\actor.h">
      <Filter>entity</Filter>
    </ClInclude>
    <ClInclude Include="task\actor_dat_load.h">
      <Filter>task</Filter>
    </ClInclude>
    <ClInclude Include="dat\sk2.h">
      <Filter>dat</Filter>
    </ClInclude>
    <ClInclude Include="dat\mo2.h">
      <Filter>dat</Filter>
    </ClInclude>
    <ClInclude Include="dat\os2.h">
      <Filter>dat</Filter>
    </ClInclude>
    <ClInclude Include="entity\component\third_person_ffxiv_entity_input.h">
      <Filter>entity\component</Filter>
    </ClInclude>
    <ClInclude Include="entity\third_person_ffxiv_camera.h">
      <Filter>entity</Filter>
    </ClInclude>
    <ClInclude Include="entity\component\third_person_ffxiv_camera_component.h">
      <Filter>entity\component</Filter>
    </ClInclude>
    <ClInclude Include="entity\third_person_ffxi_camera.h">
      <Filter>entity</Filter>
    </ClInclude>
    <ClInclude Include="entity\component\third_person_ffxi_camera_component.h">
      <Filter>entity\component</Filter>
    </ClInclude>
    <ClInclude Include="entity\component\third_person_ffxi_entity_input.h">
      <Filter>entity\component</Filter>
    </ClInclude>
    <ClInclude Include="config.h" />
    <ClInclude Include="task\collision_model_init.h">
      <Filter>task</Filter>
    </ClInclude>
    <ClInclude Include="dat\dat_chunk.h">
      <Filter>dat</Filter>
    </ClInclude>
    <ClInclude Include="dat\generator.h">
      <Filter>dat</Filter>
    </ClInclude>
    <ClInclude Include="dat\d3m.h">
      <Filter>dat</Filter>
    </ClInclude>
    <ClInclude Include="particle_tester.h" />
    <ClInclude Include="dat\scheduler.h">
      <Filter>dat</Filter>
    </ClInclude>
  </ItemGroup>
  <ItemGroup>
    <GLSLValidate Include="..\shaders\blend.frag">
      <Filter>shaders</Filter>
    </GLSLValidate>
    <GLSLValidate Include="..\shaders\closesthit.rchit">
      <Filter>shaders</Filter>
    </GLSLValidate>
    <GLSLValidate Include="..\shaders\color_hit.rahit">
      <Filter>shaders</Filter>
    </GLSLValidate>
    <GLSLValidate Include="..\shaders\deferred.vert">
      <Filter>shaders</Filter>
    </GLSLValidate>
    <GLSLValidate Include="..\shaders\deferred_raster.frag">
      <Filter>shaders</Filter>
    </GLSLValidate>
    <GLSLValidate Include="..\shaders\deferred_raytrace.frag">
      <Filter>shaders</Filter>
    </GLSLValidate>
    <GLSLValidate Include="..\shaders\gbuffer_frag.frag">
      <Filter>shaders</Filter>
    </GLSLValidate>
    <GLSLValidate Include="..\shaders\gbuffer_vert.vert">
      <Filter>shaders</Filter>
    </GLSLValidate>
    <GLSLValidate Include="..\shaders\landscape_closest_hit.rchit">
      <Filter>shaders</Filter>
    </GLSLValidate>
    <GLSLValidate Include="..\shaders\landscape_color_hit.rahit">
      <Filter>shaders</Filter>
    </GLSLValidate>
    <GLSLValidate Include="..\shaders\landscape_gbuffer_vert.vert">
      <Filter>shaders</Filter>
    </GLSLValidate>
    <GLSLValidate Include="..\shaders\landscape_shadow_vert.vert">
      <Filter>shaders</Filter>
    </GLSLValidate>
    <GLSLValidate Include="..\shaders\particle_blend.frag">
      <Filter>shaders</Filter>
    </GLSLValidate>
    <GLSLValidate Include="..\shaders\particle_gbuffer_vert.vert">
      <Filter>shaders</Filter>
    </GLSLValidate>
    <GLSLValidate Include="..\shaders\particle_shadow_vert.vert">
      <Filter>shaders</Filter>
    </GLSLValidate>
    <GLSLValidate Include="..\shaders\particle_closest_hit.rchit">
      <Filter>shaders</Filter>
    </GLSLValidate>
    <GLSLValidate Include="..\shaders\particle_color_hit.rahit">
      <Filter>shaders</Filter>
    </GLSLValidate>
    <GLSLValidate Include="..\shaders\particle_intersection.rint">
      <Filter>shaders</Filter>
    </GLSLValidate>
    <GLSLValidate Include="..\shaders\miss.rmiss">
      <Filter>shaders</Filter>
    </GLSLValidate>
    <GLSLValidate Include="..\shaders\raygen.rgen">
      <Filter>shaders</Filter>
    </GLSLValidate>
    <GLSLValidate Include="..\shaders\shadow_frag.frag">
      <Filter>shaders</Filter>
    </GLSLValidate>
    <GLSLValidate Include="..\shaders\shadow_miss.rmiss">
      <Filter>shaders</Filter>
    </GLSLValidate>
    <GLSLValidate Include="..\shaders\shadow_vert.vert">
      <Filter>shaders</Filter>
    </GLSLValidate>
    <GLSLValidate Include="..\shaders\animation_skin.comp">
      <Filter>shaders</Filter>
    </GLSLValidate>
    <GLSLValidate Include="..\shaders\query_closest_hit.rchit">
      <Filter>shaders</Filter>
    </GLSLValidate>
    <GLSLValidate Include="..\shaders\query_miss.rmiss">
      <Filter>shaders</Filter>
    </GLSLValidate>
    <GLSLValidate Include="..\shaders\rayquery.rgen">
      <Filter>shaders</Filter>
    </GLSLValidate>
    <GLSLValidate Include="..\shaders\deferred_raytrace_hybrid.frag">
      <Filter>shaders</Filter>
    </GLSLValidate>
    <GLSLValidate Include="..\shaders\quad.vert">
      <Filter>shaders</Filter>
    </GLSLValidate>
    <GLSLValidate Include="..\shaders\raygen_hybrid.rgen">
      <Filter>shaders</Filter>
    </GLSLValidate>
  </ItemGroup>
</Project>