<?xml version="1.0" encoding="utf-8"?>
<Project ToolsVersion="4.0" xmlns="http://schemas.microsoft.com/developer/msbuild/2003">
  <ItemGroup>
    <Filter Include="ffxi">
      <UniqueIdentifier>{8fd7fc8f-e51e-48a7-a1b2-391afa6973e3}</UniqueIdentifier>
    </Filter>
  </ItemGroup>
  <ItemGroup>
    <ClCompile Include="main.cpp" />
    <ClCompile Include="ffxi\ffxi_load_land_test.cpp">
      <Filter>ffxi</Filter>
    </ClCompile>
    <ClCompile Include="ffxi\mzb.cpp">
      <Filter>ffxi</Filter>
    </ClCompile>
    <ClCompile Include="ffxi\mmb.cpp">
      <Filter>ffxi</Filter>
    </ClCompile>
    <ClCompile Include="ffxi\texture.cpp">
      <Filter>ffxi</Filter>
    </ClCompile>
  </ItemGroup>
  <ItemGroup>
    <ClInclude Include="test_loader.h" />
    <ClInclude Include="ffxi\ffxi_load_land_test.h">
      <Filter>ffxi</Filter>
    </ClInclude>
    <ClInclude Include="ffxi\key_tables.h">
      <Filter>ffxi</Filter>
    </ClInclude>
    <ClInclude Include="ffxi\mzb.h">
      <Filter>ffxi</Filter>
    </ClInclude>
    <ClInclude Include="ffxi\mmb.h">
      <Filter>ffxi</Filter>
    </ClInclude>
    <ClInclude Include="ffxi\texture.h">
      <Filter>ffxi</Filter>
    </ClInclude>
  </ItemGroup>
  <ItemGroup>
    <None Include="shaders\frag_common.frag" />
  </ItemGroup>
  <ItemGroup>
    <CustomBuild Include="shaders\shader.frag" />
    <CustomBuild Include="shaders\shader.vert" />
    <CustomBuild Include="shaders\shader_blend.frag" />
    <CustomBuild Include="shaders\shader_shadow.vert" />
    <CustomBuild Include="shaders\shader_shadow.frag" />
  </ItemGroup>
</Project>