<?xml version="1.0" encoding="utf-8"?>
<Project ToolsVersion="4.0" xmlns="http://schemas.microsoft.com/developer/msbuild/2003">
  <ItemGroup>
    <Filter Include="ffxi">
      <UniqueIdentifier>{8fd7fc8f-e51e-48a7-a1b2-391afa6973e3}</UniqueIdentifier>
    </Filter>
    <Filter Include="shaders">
      <UniqueIdentifier>{3f01893c-e1ee-4882-a8ad-c16d7f137774}</UniqueIdentifier>
    </Filter>
    <Filter Include="ffxi\dat">
      <UniqueIdentifier>{637f9896-4ed0-4e35-bf8d-b49dc33ea9d8}</UniqueIdentifier>
    </Filter>
    <Filter Include="ffxi\task">
      <UniqueIdentifier>{be034aa0-999c-4e72-b7de-d5aa9b27c922}</UniqueIdentifier>
    </Filter>
    <Filter Include="ffxi\entity">
      <UniqueIdentifier>{9a7d429e-819c-42ac-a7a3-4b269687d358}</UniqueIdentifier>
    </Filter>
  </ItemGroup>
  <ItemGroup>
    <ClCompile Include="main.cpp" />
    <ClCompile Include="ffxi\dat\dat_parser.cpp">
      <Filter>ffxi\dat</Filter>
    </ClCompile>
    <ClCompile Include="ffxi\dat\dxt3.cpp">
      <Filter>ffxi\dat</Filter>
    </ClCompile>
    <ClCompile Include="ffxi\dat\mmb.cpp">
      <Filter>ffxi\dat</Filter>
    </ClCompile>
    <ClCompile Include="ffxi\dat\mzb.cpp">
      <Filter>ffxi\dat</Filter>
    </ClCompile>
    <ClCompile Include="ffxi\task\landscape_dat_load.cpp">
      <Filter>ffxi\task</Filter>
    </ClCompile>
    <ClCompile Include="ffxi\entity\landscape_entity.cpp">
      <Filter>ffxi\entity</Filter>
    </ClCompile>
  </ItemGroup>
  <ItemGroup>
    <ClInclude Include="test_loader.h" />
    <ClInclude Include="ffxi\dat\dat_parser.h">
      <Filter>ffxi\dat</Filter>
    </ClInclude>
    <ClInclude Include="ffxi\dat\dxt3.h">
      <Filter>ffxi\dat</Filter>
    </ClInclude>
    <ClInclude Include="ffxi\dat\key_tables.h">
      <Filter>ffxi\dat</Filter>
    </ClInclude>
    <ClInclude Include="ffxi\dat\mmb.h">
      <Filter>ffxi\dat</Filter>
    </ClInclude>
    <ClInclude Include="ffxi\dat\mzb.h">
      <Filter>ffxi\dat</Filter>
    </ClInclude>
    <ClInclude Include="ffxi\task\landscape_dat_load.h">
      <Filter>ffxi\task</Filter>
    </ClInclude>
    <ClInclude Include="ffxi\entity\landscape_entity.h">
      <Filter>ffxi\entity</Filter>
    </ClInclude>
  </ItemGroup>
  <ItemGroup>
    <GLSLValidate Include="shaders\blend.frag">
      <Filter>shaders</Filter>
    </GLSLValidate>
    <GLSLValidate Include="shaders\closesthit.rchit">
      <Filter>shaders</Filter>
    </GLSLValidate>
    <GLSLValidate Include="shaders\color_hit.rahit">
      <Filter>shaders</Filter>
    </GLSLValidate>
    <GLSLValidate Include="shaders\deferred.vert">
      <Filter>shaders</Filter>
    </GLSLValidate>
    <GLSLValidate Include="shaders\deferred_raster.frag">
      <Filter>shaders</Filter>
    </GLSLValidate>
    <GLSLValidate Include="shaders\deferred_raytrace.frag">
      <Filter>shaders</Filter>
    </GLSLValidate>
    <GLSLValidate Include="shaders\gbuffer_frag.frag">
      <Filter>shaders</Filter>
    </GLSLValidate>
    <GLSLValidate Include="shaders\gbuffer_vert.vert">
      <Filter>shaders</Filter>
    </GLSLValidate>
    <GLSLValidate Include="shaders\miss.rmiss">
      <Filter>shaders</Filter>
    </GLSLValidate>
    <GLSLValidate Include="shaders\raygen.rgen">
      <Filter>shaders</Filter>
    </GLSLValidate>
    <GLSLValidate Include="shaders\shadow_frag.frag">
      <Filter>shaders</Filter>
    </GLSLValidate>
    <GLSLValidate Include="shaders\shadow_miss.rmiss">
      <Filter>shaders</Filter>
    </GLSLValidate>
    <GLSLValidate Include="shaders\shadow_vert.vert">
      <Filter>shaders</Filter>
    </GLSLValidate>
  </ItemGroup>
</Project>