
Microsoft Visual Studio Solution File, Format Version 12.00
# Visual Studio Version 16
VisualStudioVersion = 16.0.28922.388
MinimumVisualStudioVersion = 10.0.40219.1
Project("{8BC9CEB8-8B4A-11D0-8D11-00A0C91BC942}") = "lotus-engine", "engine\lotus-engine.vcxproj", "{DC121A9E-84DD-494C-9F43-682423459483}"
EndProject
Project("{8BC9CEB8-8B4A-11D0-8D11-00A0C91BC942}") = "ffxi", "ffxi\ffxi.vcxproj", "{6FD7F5B6-AA77-49FF-AE50-4CCE6F9CF507}"
	ProjectSection(ProjectDependencies) = postProject
		{DC121A9E-84DD-494C-9F43-682423459483} = {DC121A9E-84DD-494C-9F43-682423459483}
	EndProjectSection
EndProject
Global
	GlobalSection(SolutionConfigurationPlatforms) = preSolution
		Debug|x64 = Debug|x64
		Release|x64 = Release|x64
	EndGlobalSection
	GlobalSection(ProjectConfigurationPlatforms) = postSolution
		{DC121A9E-84DD-494C-9F43-682423459483}.Debug|x64.ActiveCfg = Debug|x64
		{DC121A9E-84DD-494C-9F43-682423459483}.Debug|x64.Build.0 = Debug|x64
		{DC121A9E-84DD-494C-9F43-682423459483}.Release|x64.ActiveCfg = Release|x64
		{DC121A9E-84DD-494C-9F43-682423459483}.Release|x64.Build.0 = Release|x64
		{6FD7F5B6-AA77-49FF-AE50-4CCE6F9CF507}.Debug|x64.ActiveCfg = Debug|x64
		{6FD7F5B6-AA77-49FF-AE50-4CCE6F9CF507}.Debug|x64.Build.0 = Debug|x64
		{6FD7F5B6-AA77-49FF-AE50-4CCE6F9CF507}.Release|x64.ActiveCfg = Release|x64
		{6FD7F5B6-AA77-49FF-AE50-4CCE6F9CF507}.Release|x64.Build.0 = Release|x64
	EndGlobalSection
	GlobalSection(SolutionProperties) = preSolution
		HideSolutionNode = FALSE
	EndGlobalSection
	GlobalSection(ExtensibilityGlobals) = postSolution
		SolutionGuid = {2042ED70-3205-4213-ACE4-58D4D43B5AFC}
	EndGlobalSection
EndGlobal
