<?xml version="1.0" encoding="utf-8"?>
<Project ToolsVersion="4.0" xmlns="http://schemas.microsoft.com/developer/msbuild/2003">
  <ItemGroup>
    <Filter Include="core">
      <UniqueIdentifier>{e7f2805f-e7a9-48dd-af28-93197af49544}</UniqueIdentifier>
    </Filter>
    <Filter Include="core\renderer">
      <UniqueIdentifier>{1909b0f2-71dc-47b7-9326-05d4afbfeb63}</UniqueIdentifier>
    </Filter>
    <Filter Include="core\task">
      <UniqueIdentifier>{5cac1752-39f6-413f-a485-d0dcd8fd569e}</UniqueIdentifier>
    </Filter>
    <Filter Include="core\entity">
      <UniqueIdentifier>{eec6da1c-c80a-4bad-b743-3ad34ad3702a}</UniqueIdentifier>
    </Filter>
    <Filter Include="core\entity\component">
      <UniqueIdentifier>{3fee57d7-588c-42e1-be18-db1a3cf6c94c}</UniqueIdentifier>
    </Filter>
  </ItemGroup>
  <ItemGroup>
    <ClCompile Include="core\renderer\texture.cpp">
      <Filter>core\renderer</Filter>
    </ClCompile>
    <ClCompile Include="core\core.cpp">
      <Filter>core</Filter>
    </ClCompile>
    <ClCompile Include="core\input.cpp">
      <Filter>core</Filter>
    </ClCompile>
    <ClCompile Include="core\renderer\memory.cpp">
      <Filter>core\renderer</Filter>
    </ClCompile>
    <ClCompile Include="core\worker_thread.cpp">
      <Filter>core</Filter>
    </ClCompile>
    <ClCompile Include="core\worker_pool.cpp">
      <Filter>core</Filter>
    </ClCompile>
    <ClCompile Include="core\work_item.cpp">
      <Filter>core</Filter>
    </ClCompile>
    <ClCompile Include="core\renderer\renderer.cpp">
      <Filter>core\renderer</Filter>
    </ClCompile>
    <ClCompile Include="core\config.cpp">
      <Filter>core</Filter>
    </ClCompile>
    <ClCompile Include="core\task\model_init.cpp">
      <Filter>core\task</Filter>
    </ClCompile>
    <ClCompile Include="core\task\entity_render.cpp">
      <Filter>core\task</Filter>
    </ClCompile>
    <ClCompile Include="core\entity\renderable_entity.cpp">
      <Filter>core\entity</Filter>
    </ClCompile>
    <ClCompile Include="core\task\renderable_entity_init.cpp">
      <Filter>core\task</Filter>
    </ClCompile>
    <ClCompile Include="core\task\texture_init.cpp">
      <Filter>core\task</Filter>
    </ClCompile>
    <ClCompile Include="core\task\dependency_dummy.cpp">
      <Filter>core\task</Filter>
    </ClCompile>
    <ClCompile Include="core\entity\component\component.cpp">
      <Filter>core\entity\component</Filter>
    </ClCompile>
    <ClCompile Include="core\entity\entity.cpp">
      <Filter>core\entity</Filter>
    </ClCompile>
    <ClCompile Include="core\entity\component\input_component.cpp">
      <Filter>core\entity\component</Filter>
    </ClCompile>
    <ClCompile Include="core\entity\camera.cpp">
      <Filter>core\entity</Filter>
    </ClCompile>
    <ClCompile Include="core\entity\component\camera_component.cpp">
      <Filter>core\entity\component</Filter>
    </ClCompile>
    <ClCompile Include="core\scene.cpp">
      <Filter>core</Filter>
    </ClCompile>
    <ClCompile Include="core\entity\landscape_entity.cpp">
      <Filter>core\entity</Filter>
    </ClCompile>
    <ClCompile Include="core\task\landscape_entity_init.cpp">
      <Filter>core\task</Filter>
    </ClCompile>
    <ClCompile Include="core\renderer\mesh.cpp">
      <Filter>core\renderer</Filter>
    </ClCompile>
    <ClCompile Include="core\renderer\model.cpp">
      <Filter>core\renderer</Filter>
    </ClCompile>
    <ClCompile Include="core\light_manager.cpp">
      <Filter>core</Filter>
    </ClCompile>
  </ItemGroup>
  <ItemGroup>
    <ClInclude Include="core\renderer\texture.h">
      <Filter>core\renderer</Filter>
    </ClInclude>
    <ClInclude Include="core\core.h">
      <Filter>core</Filter>
    </ClInclude>
    <ClInclude Include="core\input.h">
      <Filter>core</Filter>
    </ClInclude>
    <ClInclude Include="core\renderer\memory.h">
      <Filter>core\renderer</Filter>
    </ClInclude>
    <ClInclude Include="core\worker_thread.h">
      <Filter>core</Filter>
    </ClInclude>
    <ClInclude Include="core\worker_pool.h">
      <Filter>core</Filter>
    </ClInclude>
    <ClInclude Include="core\work_item.h">
      <Filter>core</Filter>
    </ClInclude>
    <ClInclude Include="core\renderer\renderer.h">
      <Filter>core\renderer</Filter>
    </ClInclude>
    <ClInclude Include="core\config.h">
      <Filter>core</Filter>
    </ClInclude>
    <ClInclude Include="core\task\entity_render.h">
      <Filter>core\task</Filter>
    </ClInclude>
    <ClInclude Include="core\task\model_init.h">
      <Filter>core\task</Filter>
    </ClInclude>
    <ClInclude Include="core\entity\renderable_entity.h">
      <Filter>core\entity</Filter>
    </ClInclude>
    <ClInclude Include="core\task\renderable_entity_init.h">
      <Filter>core\task</Filter>
    </ClInclude>
    <ClInclude Include="core\task\texture_init.h">
      <Filter>core\task</Filter>
    </ClInclude>
    <ClInclude Include="core\task\dependency_dummy.h">
      <Filter>core\task</Filter>
    </ClInclude>
    <ClInclude Include="core\entity\component\component.h">
      <Filter>core\entity\component</Filter>
    </ClInclude>
    <ClInclude Include="core\entity\entity.h">
      <Filter>core\entity</Filter>
    </ClInclude>
    <ClInclude Include="core\entity\component\input_component.h">
      <Filter>core\entity\component</Filter>
    </ClInclude>
    <ClInclude Include="core\entity\camera.h">
      <Filter>core\entity</Filter>
    </ClInclude>
    <ClInclude Include="core\entity\component\camera_component.h">
      <Filter>core\entity\component</Filter>
    </ClInclude>
    <ClInclude Include="core\scene.h">
      <Filter>core</Filter>
    </ClInclude>
    <ClInclude Include="core\game.h">
      <Filter>core</Filter>
    </ClInclude>
    <ClInclude Include="core\types.h">
      <Filter>core</Filter>
    </ClInclude>
    <ClInclude Include="core\entity\landscape_entity.h">
      <Filter>core\entity</Filter>
    </ClInclude>
    <ClInclude Include="core\task\landscape_entity_init.h">
      <Filter>core\task</Filter>
    </ClInclude>
    <ClInclude Include="core\renderer\mesh.h">
      <Filter>core\renderer</Filter>
    </ClInclude>
    <ClInclude Include="core\renderer\model.h">
      <Filter>core\renderer</Filter>
    </ClInclude>
    <ClInclude Include="core\light_manager.h">
      <Filter>core</Filter>
    </ClInclude>
  </ItemGroup>
</Project>